// !$*UTF8*$!
{
	archiveVersion = 1;
	classes = {
	};
	objectVersion = 46;
	objects = {

/* Begin PBXBuildFile section */
		712304F4D1388D1109E3A4B7 /* Pods_ScavengerHuntTests.framework in Frameworks */ = {isa = PBXBuildFile; fileRef = CC33A3C561072FF3283332BB /* Pods_ScavengerHuntTests.framework */; };
		9614A1921CED06E600A648A4 /* LocationViewController.swift in Sources */ = {isa = PBXBuildFile; fileRef = 9614A1911CED06E600A648A4 /* LocationViewController.swift */; };
		96FE2C281CECF059000350FF /* AppDelegate.swift in Sources */ = {isa = PBXBuildFile; fileRef = 96FE2C271CECF059000350FF /* AppDelegate.swift */; };
		96FE2C2D1CECF059000350FF /* Main.storyboard in Resources */ = {isa = PBXBuildFile; fileRef = 96FE2C2B1CECF059000350FF /* Main.storyboard */; };
		96FE2C2F1CECF059000350FF /* Assets.xcassets in Resources */ = {isa = PBXBuildFile; fileRef = 96FE2C2E1CECF059000350FF /* Assets.xcassets */; };
		96FE2C321CECF059000350FF /* LaunchScreen.storyboard in Resources */ = {isa = PBXBuildFile; fileRef = 96FE2C301CECF059000350FF /* LaunchScreen.storyboard */; };
		96FE2C3D1CECF059000350FF /* ScavengerHuntTests.swift in Sources */ = {isa = PBXBuildFile; fileRef = 96FE2C3C1CECF059000350FF /* ScavengerHuntTests.swift */; };
		96FE2C4E1CECF275000350FF /* Observable.swift in Sources */ = {isa = PBXBuildFile; fileRef = 96FE2C4A1CECF275000350FF /* Observable.swift */; };
		96FE2C4F1CECF275000350FF /* LocationService.swift in Sources */ = {isa = PBXBuildFile; fileRef = 96FE2C4B1CECF275000350FF /* LocationService.swift */; };
		96FE2C501CECF275000350FF /* Error.swift in Sources */ = {isa = PBXBuildFile; fileRef = 96FE2C4C1CECF275000350FF /* Error.swift */; };
		96FE2C6B1CECFBD6000350FF /* WelcomeViewController.swift in Sources */ = {isa = PBXBuildFile; fileRef = 96FE2C6A1CECFBD6000350FF /* WelcomeViewController.swift */; };
		96FE2C6D1CED0027000350FF /* CreateHuntTableViewController.swift in Sources */ = {isa = PBXBuildFile; fileRef = 96FE2C6C1CED0027000350FF /* CreateHuntTableViewController.swift */; };
		96FE2C6F1CED0059000350FF /* PlayTableViewController.swift in Sources */ = {isa = PBXBuildFile; fileRef = 96FE2C6E1CED0059000350FF /* PlayTableViewController.swift */; };
		96FE2C731CED0501000350FF /* ListViewModel.swift in Sources */ = {isa = PBXBuildFile; fileRef = 96FE2C711CED0501000350FF /* ListViewModel.swift */; };
		96FE2C741CED0501000350FF /* LocationViewModel.swift in Sources */ = {isa = PBXBuildFile; fileRef = 96FE2C721CED0501000350FF /* LocationViewModel.swift */; };
		96FE2C781CED0567000350FF /* Hunt.swift in Sources */ = {isa = PBXBuildFile; fileRef = 96FE2C761CED0567000350FF /* Hunt.swift */; };
		96FE2C791CED0567000350FF /* Location.swift in Sources */ = {isa = PBXBuildFile; fileRef = 96FE2C771CED0567000350FF /* Location.swift */; };
		BCE1335ACE04ED27E04A68AE /* Pods_ScavengerHunt.framework in Frameworks */ = {isa = PBXBuildFile; fileRef = F0D15DE6C81D366DCB225FD7 /* Pods_ScavengerHunt.framework */; };
/* End PBXBuildFile section */

/* Begin PBXContainerItemProxy section */
		96FE2C391CECF059000350FF /* PBXContainerItemProxy */ = {
			isa = PBXContainerItemProxy;
			containerPortal = 96FE2C1C1CECF059000350FF /* Project object */;
			proxyType = 1;
			remoteGlobalIDString = 96FE2C231CECF059000350FF;
			remoteInfo = ScavengerHunt;
		};
/* End PBXContainerItemProxy section */

/* Begin PBXFileReference section */
		95EE4DE7CFAC04F7F312D152 /* Pods-ScavengerHunt.release.xcconfig */ = {isa = PBXFileReference; includeInIndex = 1; lastKnownFileType = text.xcconfig; name = "Pods-ScavengerHunt.release.xcconfig"; path = "Pods/Target Support Files/Pods-ScavengerHunt/Pods-ScavengerHunt.release.xcconfig"; sourceTree = "<group>"; };
		9614A1911CED06E600A648A4 /* LocationViewController.swift */ = {isa = PBXFileReference; fileEncoding = 4; lastKnownFileType = sourcecode.swift; name = LocationViewController.swift; path = ../../Scavenger/Scavenger/LocationViewController.swift; sourceTree = "<group>"; };
		96FE2C241CECF059000350FF /* ScavengerHunt.app */ = {isa = PBXFileReference; explicitFileType = wrapper.application; includeInIndex = 0; path = ScavengerHunt.app; sourceTree = BUILT_PRODUCTS_DIR; };
		96FE2C271CECF059000350FF /* AppDelegate.swift */ = {isa = PBXFileReference; lastKnownFileType = sourcecode.swift; path = AppDelegate.swift; sourceTree = "<group>"; };
		96FE2C2C1CECF059000350FF /* Base */ = {isa = PBXFileReference; lastKnownFileType = file.storyboard; name = Base; path = Base.lproj/Main.storyboard; sourceTree = "<group>"; };
		96FE2C2E1CECF059000350FF /* Assets.xcassets */ = {isa = PBXFileReference; lastKnownFileType = folder.assetcatalog; path = Assets.xcassets; sourceTree = "<group>"; };
		96FE2C311CECF059000350FF /* Base */ = {isa = PBXFileReference; lastKnownFileType = file.storyboard; name = Base; path = Base.lproj/LaunchScreen.storyboard; sourceTree = "<group>"; };
		96FE2C331CECF059000350FF /* Info.plist */ = {isa = PBXFileReference; lastKnownFileType = text.plist.xml; path = Info.plist; sourceTree = "<group>"; };
		96FE2C381CECF059000350FF /* ScavengerHuntTests.xctest */ = {isa = PBXFileReference; explicitFileType = wrapper.cfbundle; includeInIndex = 0; path = ScavengerHuntTests.xctest; sourceTree = BUILT_PRODUCTS_DIR; };
		96FE2C3C1CECF059000350FF /* ScavengerHuntTests.swift */ = {isa = PBXFileReference; lastKnownFileType = sourcecode.swift; path = ScavengerHuntTests.swift; sourceTree = "<group>"; };
		96FE2C3E1CECF059000350FF /* Info.plist */ = {isa = PBXFileReference; lastKnownFileType = text.plist.xml; path = Info.plist; sourceTree = "<group>"; };
		96FE2C4A1CECF275000350FF /* Observable.swift */ = {isa = PBXFileReference; fileEncoding = 4; lastKnownFileType = sourcecode.swift; name = Observable.swift; path = ../../inspiration/SwiftWeather/SwiftWeather/Observable.swift; sourceTree = "<group>"; };
		96FE2C4B1CECF275000350FF /* LocationService.swift */ = {isa = PBXFileReference; fileEncoding = 4; lastKnownFileType = sourcecode.swift; name = LocationService.swift; path = ../../inspiration/SwiftWeather/SwiftWeather/LocationService.swift; sourceTree = "<group>"; };
		96FE2C4C1CECF275000350FF /* Error.swift */ = {isa = PBXFileReference; fileEncoding = 4; lastKnownFileType = sourcecode.swift; name = Error.swift; path = ../../inspiration/SwiftWeather/SwiftWeather/Error.swift; sourceTree = "<group>"; };
		96FE2C661CECF5C3000350FF /* scavenger-regular-webfont.ttf */ = {isa = PBXFileReference; lastKnownFileType = file; name = "scavenger-regular-webfont.ttf"; path = "../../inspiration/SwiftWeather/SwiftWeather/fonts/scavenger-regular-webfont.ttf"; sourceTree = "<group>"; };
		96FE2C6A1CECFBD6000350FF /* WelcomeViewController.swift */ = {isa = PBXFileReference; fileEncoding = 4; lastKnownFileType = sourcecode.swift; path = WelcomeViewController.swift; sourceTree = "<group>"; };
		96FE2C6C1CED0027000350FF /* CreateHuntTableViewController.swift */ = {isa = PBXFileReference; fileEncoding = 4; lastKnownFileType = sourcecode.swift; path = CreateHuntTableViewController.swift; sourceTree = "<group>"; };
		96FE2C6E1CED0059000350FF /* PlayTableViewController.swift */ = {isa = PBXFileReference; fileEncoding = 4; lastKnownFileType = sourcecode.swift; path = PlayTableViewController.swift; sourceTree = "<group>"; };
		96FE2C711CED0501000350FF /* ListViewModel.swift */ = {isa = PBXFileReference; fileEncoding = 4; lastKnownFileType = sourcecode.swift; name = ListViewModel.swift; path = ../../Scavenger/Scavenger/ListViewModel.swift; sourceTree = "<group>"; };
		96FE2C721CED0501000350FF /* LocationViewModel.swift */ = {isa = PBXFileReference; fileEncoding = 4; lastKnownFileType = sourcecode.swift; name = LocationViewModel.swift; path = ../../Scavenger/Scavenger/LocationViewModel.swift; sourceTree = "<group>"; };
		96FE2C761CED0567000350FF /* Hunt.swift */ = {isa = PBXFileReference; fileEncoding = 4; lastKnownFileType = sourcecode.swift; name = Hunt.swift; path = ../../Scavenger/Scavenger/Hunt.swift; sourceTree = "<group>"; };
		96FE2C771CED0567000350FF /* Location.swift */ = {isa = PBXFileReference; fileEncoding = 4; lastKnownFileType = sourcecode.swift; name = Location.swift; path = ../../Scavenger/Scavenger/Location.swift; sourceTree = "<group>"; };
		9B8D2F0032FB1799CDF3EEFB /* Pods-ScavengerHunt.debug.xcconfig */ = {isa = PBXFileReference; includeInIndex = 1; lastKnownFileType = text.xcconfig; name = "Pods-ScavengerHunt.debug.xcconfig"; path = "Pods/Target Support Files/Pods-ScavengerHunt/Pods-ScavengerHunt.debug.xcconfig"; sourceTree = "<group>"; };
		C759C9328240E7B1067E4E9F /* Pods-ScavengerHuntTests.release.xcconfig */ = {isa = PBXFileReference; includeInIndex = 1; lastKnownFileType = text.xcconfig; name = "Pods-ScavengerHuntTests.release.xcconfig"; path = "Pods/Target Support Files/Pods-ScavengerHuntTests/Pods-ScavengerHuntTests.release.xcconfig"; sourceTree = "<group>"; };
		C9F0394DE7782FAB3CEC509F /* Pods-ScavengerHuntTests.debug.xcconfig */ = {isa = PBXFileReference; includeInIndex = 1; lastKnownFileType = text.xcconfig; name = "Pods-ScavengerHuntTests.debug.xcconfig"; path = "Pods/Target Support Files/Pods-ScavengerHuntTests/Pods-ScavengerHuntTests.debug.xcconfig"; sourceTree = "<group>"; };
		CC33A3C561072FF3283332BB /* Pods_ScavengerHuntTests.framework */ = {isa = PBXFileReference; explicitFileType = wrapper.framework; includeInIndex = 0; path = Pods_ScavengerHuntTests.framework; sourceTree = BUILT_PRODUCTS_DIR; };
		F0D15DE6C81D366DCB225FD7 /* Pods_ScavengerHunt.framework */ = {isa = PBXFileReference; explicitFileType = wrapper.framework; includeInIndex = 0; path = Pods_ScavengerHunt.framework; sourceTree = BUILT_PRODUCTS_DIR; };
/* End PBXFileReference section */

/* Begin PBXFrameworksBuildPhase section */
		96FE2C211CECF059000350FF /* Frameworks */ = {
			isa = PBXFrameworksBuildPhase;
			buildActionMask = 2147483647;
			files = (
				BCE1335ACE04ED27E04A68AE /* Pods_ScavengerHunt.framework in Frameworks */,
			);
			runOnlyForDeploymentPostprocessing = 0;
		};
		96FE2C351CECF059000350FF /* Frameworks */ = {
			isa = PBXFrameworksBuildPhase;
			buildActionMask = 2147483647;
			files = (
				712304F4D1388D1109E3A4B7 /* Pods_ScavengerHuntTests.framework in Frameworks */,
			);
			runOnlyForDeploymentPostprocessing = 0;
		};
/* End PBXFrameworksBuildPhase section */

/* Begin PBXGroup section */
		42B9139E50A7547B0536AD61 /* Frameworks */ = {
			isa = PBXGroup;
			children = (
				F0D15DE6C81D366DCB225FD7 /* Pods_ScavengerHunt.framework */,
				CC33A3C561072FF3283332BB /* Pods_ScavengerHuntTests.framework */,
			);
			name = Frameworks;
			sourceTree = "<group>";
		};
		96FE2C1B1CECF059000350FF = {
			isa = PBXGroup;
			children = (
				96FE2C261CECF059000350FF /* ScavengerHunt */,
				96FE2C3B1CECF059000350FF /* ScavengerHuntTests */,
				96FE2C251CECF059000350FF /* Products */,
				E425C1D3906BB28EE73129C5 /* Pods */,
				42B9139E50A7547B0536AD61 /* Frameworks */,
			);
			sourceTree = "<group>";
		};
		96FE2C251CECF059000350FF /* Products */ = {
			isa = PBXGroup;
			children = (
				96FE2C241CECF059000350FF /* ScavengerHunt.app */,
				96FE2C381CECF059000350FF /* ScavengerHuntTests.xctest */,
			);
			name = Products;
			sourceTree = "<group>";
		};
		96FE2C261CECF059000350FF /* ScavengerHunt */ = {
			isa = PBXGroup;
			children = (
				96FE2C491CECF265000350FF /* Common */,
				96FE2C531CECF398000350FF /* Features */,
				96FE2C521CECF36F000350FF /* Storyboards */,
				96FE2C331CECF059000350FF /* Info.plist */,
				96FE2C271CECF059000350FF /* AppDelegate.swift */,
				96FE2C2E1CECF059000350FF /* Assets.xcassets */,
				96FE2C661CECF5C3000350FF /* scavenger-regular-webfont.ttf */,
			);
			path = ScavengerHunt;
			sourceTree = "<group>";
		};
		96FE2C3B1CECF059000350FF /* ScavengerHuntTests */ = {
			isa = PBXGroup;
			children = (
				96FE2C3C1CECF059000350FF /* ScavengerHuntTests.swift */,
				96FE2C3E1CECF059000350FF /* Info.plist */,
			);
			path = ScavengerHuntTests;
			sourceTree = "<group>";
		};
		96FE2C491CECF265000350FF /* Common */ = {
			isa = PBXGroup;
			children = (
				96FE2C4A1CECF275000350FF /* Observable.swift */,
				96FE2C4B1CECF275000350FF /* LocationService.swift */,
				96FE2C4C1CECF275000350FF /* Error.swift */,
				96FE2C7A1CED056D000350FF /* Models */,
			);
			name = Common;
			sourceTree = "<group>";
		};
		96FE2C521CECF36F000350FF /* Storyboards */ = {
			isa = PBXGroup;
			children = (
				96FE2C2B1CECF059000350FF /* Main.storyboard */,
				96FE2C301CECF059000350FF /* LaunchScreen.storyboard */,
			);
			name = Storyboards;
			sourceTree = "<group>";
		};
		96FE2C531CECF398000350FF /* Features */ = {
			isa = PBXGroup;
			children = (
				96FE2C6A1CECFBD6000350FF /* WelcomeViewController.swift */,
				96FE2C691CECFBA9000350FF /* Play Hunt */,
				96FE2C701CED0061000350FF /* Create Hunt */,
			);
			name = Features;
			sourceTree = "<group>";
		};
		96FE2C691CECFBA9000350FF /* Play Hunt */ = {
			isa = PBXGroup;
			children = (
				96FE2C6E1CED0059000350FF /* PlayTableViewController.swift */,
			);
			name = "Play Hunt";
			sourceTree = "<group>";
		};
		96FE2C701CED0061000350FF /* Create Hunt */ = {
			isa = PBXGroup;
			children = (
				96FE2C6C1CED0027000350FF /* CreateHuntTableViewController.swift */,
				9614A1911CED06E600A648A4 /* LocationViewController.swift */,
				96FE2C751CED053A000350FF /* ViewModels */,
			);
			name = "Create Hunt";
			sourceTree = "<group>";
		};
		96FE2C751CED053A000350FF /* ViewModels */ = {
			isa = PBXGroup;
			children = (
				96FE2C711CED0501000350FF /* ListViewModel.swift */,
				96FE2C721CED0501000350FF /* LocationViewModel.swift */,
			);
			name = ViewModels;
			sourceTree = "<group>";
		};
		96FE2C7A1CED056D000350FF /* Models */ = {
			isa = PBXGroup;
			children = (
				96FE2C761CED0567000350FF /* Hunt.swift */,
				96FE2C771CED0567000350FF /* Location.swift */,
			);
			name = Models;
			sourceTree = "<group>";
		};
		E425C1D3906BB28EE73129C5 /* Pods */ = {
			isa = PBXGroup;
			children = (
				9B8D2F0032FB1799CDF3EEFB /* Pods-ScavengerHunt.debug.xcconfig */,
				95EE4DE7CFAC04F7F312D152 /* Pods-ScavengerHunt.release.xcconfig */,
				C9F0394DE7782FAB3CEC509F /* Pods-ScavengerHuntTests.debug.xcconfig */,
				C759C9328240E7B1067E4E9F /* Pods-ScavengerHuntTests.release.xcconfig */,
			);
			name = Pods;
			sourceTree = "<group>";
		};
/* End PBXGroup section */

/* Begin PBXNativeTarget section */
		96FE2C231CECF059000350FF /* ScavengerHunt */ = {
			isa = PBXNativeTarget;
			buildConfigurationList = 96FE2C411CECF059000350FF /* Build configuration list for PBXNativeTarget "ScavengerHunt" */;
			buildPhases = (
				4A76D47EE4C548021E4DA60A /* Check Pods Manifest.lock */,
				96FE2C201CECF059000350FF /* Sources */,
				96FE2C211CECF059000350FF /* Frameworks */,
				96FE2C221CECF059000350FF /* Resources */,
				F2BCE5C46E9F0C77E94EDCE4 /* Embed Pods Frameworks */,
				CA6A9D70D1983750E8E939B1 /* Copy Pods Resources */,
			);
			buildRules = (
			);
			dependencies = (
			);
			name = ScavengerHunt;
			productName = ScavengerHunt;
			productReference = 96FE2C241CECF059000350FF /* ScavengerHunt.app */;
			productType = "com.apple.product-type.application";
		};
		96FE2C371CECF059000350FF /* ScavengerHuntTests */ = {
			isa = PBXNativeTarget;
			buildConfigurationList = 96FE2C441CECF059000350FF /* Build configuration list for PBXNativeTarget "ScavengerHuntTests" */;
			buildPhases = (
				67FF6D397575DC1F2471388F /* Check Pods Manifest.lock */,
				96FE2C341CECF059000350FF /* Sources */,
				96FE2C351CECF059000350FF /* Frameworks */,
				96FE2C361CECF059000350FF /* Resources */,
				9770E8BFC35018F32AADA2F8 /* Embed Pods Frameworks */,
				F6F194BE008279AF813BE56D /* Copy Pods Resources */,
			);
			buildRules = (
			);
			dependencies = (
				96FE2C3A1CECF059000350FF /* PBXTargetDependency */,
			);
			name = ScavengerHuntTests;
			productName = ScavengerHuntTests;
			productReference = 96FE2C381CECF059000350FF /* ScavengerHuntTests.xctest */;
			productType = "com.apple.product-type.bundle.unit-test";
		};
/* End PBXNativeTarget section */

/* Begin PBXProject section */
		96FE2C1C1CECF059000350FF /* Project object */ = {
			isa = PBXProject;
			attributes = {
				LastSwiftUpdateCheck = 0730;
				LastUpgradeCheck = 0730;
				ORGANIZATIONNAME = "Lauren Nicole Roth";
				TargetAttributes = {
					96FE2C231CECF059000350FF = {
						CreatedOnToolsVersion = 7.3;
					};
					96FE2C371CECF059000350FF = {
						CreatedOnToolsVersion = 7.3;
						TestTargetID = 96FE2C231CECF059000350FF;
					};
				};
			};
			buildConfigurationList = 96FE2C1F1CECF059000350FF /* Build configuration list for PBXProject "ScavengerHunt" */;
			compatibilityVersion = "Xcode 3.2";
			developmentRegion = English;
			hasScannedForEncodings = 0;
			knownRegions = (
				en,
				Base,
			);
			mainGroup = 96FE2C1B1CECF059000350FF;
			productRefGroup = 96FE2C251CECF059000350FF /* Products */;
			projectDirPath = "";
			projectRoot = "";
			targets = (
				96FE2C231CECF059000350FF /* ScavengerHunt */,
				96FE2C371CECF059000350FF /* ScavengerHuntTests */,
			);
		};
/* End PBXProject section */

/* Begin PBXResourcesBuildPhase section */
		96FE2C221CECF059000350FF /* Resources */ = {
			isa = PBXResourcesBuildPhase;
			buildActionMask = 2147483647;
			files = (
				96FE2C321CECF059000350FF /* LaunchScreen.storyboard in Resources */,
				96FE2C2F1CECF059000350FF /* Assets.xcassets in Resources */,
				96FE2C2D1CECF059000350FF /* Main.storyboard in Resources */,
			);
			runOnlyForDeploymentPostprocessing = 0;
		};
		96FE2C361CECF059000350FF /* Resources */ = {
			isa = PBXResourcesBuildPhase;
			buildActionMask = 2147483647;
			files = (
			);
			runOnlyForDeploymentPostprocessing = 0;
		};
/* End PBXResourcesBuildPhase section */

/* Begin PBXShellScriptBuildPhase section */
		4A76D47EE4C548021E4DA60A /* Check Pods Manifest.lock */ = {
			isa = PBXShellScriptBuildPhase;
			buildActionMask = 2147483647;
			files = (
			);
			inputPaths = (
			);
			name = "Check Pods Manifest.lock";
			outputPaths = (
			);
			runOnlyForDeploymentPostprocessing = 0;
			shellPath = /bin/sh;
			shellScript = "diff \"${PODS_ROOT}/../Podfile.lock\" \"${PODS_ROOT}/Manifest.lock\" > /dev/null\nif [[ $? != 0 ]] ; then\n    cat << EOM\nerror: The sandbox is not in sync with the Podfile.lock. Run 'pod install' or update your CocoaPods installation.\nEOM\n    exit 1\nfi\n";
			showEnvVarsInLog = 0;
		};
		67FF6D397575DC1F2471388F /* Check Pods Manifest.lock */ = {
			isa = PBXShellScriptBuildPhase;
			buildActionMask = 2147483647;
			files = (
			);
			inputPaths = (
			);
			name = "Check Pods Manifest.lock";
			outputPaths = (
			);
			runOnlyForDeploymentPostprocessing = 0;
			shellPath = /bin/sh;
			shellScript = "diff \"${PODS_ROOT}/../Podfile.lock\" \"${PODS_ROOT}/Manifest.lock\" > /dev/null\nif [[ $? != 0 ]] ; then\n    cat << EOM\nerror: The sandbox is not in sync with the Podfile.lock. Run 'pod install' or update your CocoaPods installation.\nEOM\n    exit 1\nfi\n";
			showEnvVarsInLog = 0;
		};
		9770E8BFC35018F32AADA2F8 /* Embed Pods Frameworks */ = {
			isa = PBXShellScriptBuildPhase;
			buildActionMask = 2147483647;
			files = (
			);
			inputPaths = (
			);
			name = "Embed Pods Frameworks";
			outputPaths = (
			);
			runOnlyForDeploymentPostprocessing = 0;
			shellPath = /bin/sh;
			shellScript = "\"${SRCROOT}/Pods/Target Support Files/Pods-ScavengerHuntTests/Pods-ScavengerHuntTests-frameworks.sh\"\n";
			showEnvVarsInLog = 0;
		};
		CA6A9D70D1983750E8E939B1 /* Copy Pods Resources */ = {
			isa = PBXShellScriptBuildPhase;
			buildActionMask = 2147483647;
			files = (
			);
			inputPaths = (
			);
			name = "Copy Pods Resources";
			outputPaths = (
			);
			runOnlyForDeploymentPostprocessing = 0;
			shellPath = /bin/sh;
			shellScript = "\"${SRCROOT}/Pods/Target Support Files/Pods-ScavengerHunt/Pods-ScavengerHunt-resources.sh\"\n";
			showEnvVarsInLog = 0;
		};
		F2BCE5C46E9F0C77E94EDCE4 /* Embed Pods Frameworks */ = {
			isa = PBXShellScriptBuildPhase;
			buildActionMask = 2147483647;
			files = (
			);
			inputPaths = (
			);
			name = "Embed Pods Frameworks";
			outputPaths = (
			);
			runOnlyForDeploymentPostprocessing = 0;
			shellPath = /bin/sh;
			shellScript = "\"${SRCROOT}/Pods/Target Support Files/Pods-ScavengerHunt/Pods-ScavengerHunt-frameworks.sh\"\n";
			showEnvVarsInLog = 0;
		};
		F6F194BE008279AF813BE56D /* Copy Pods Resources */ = {
			isa = PBXShellScriptBuildPhase;
			buildActionMask = 2147483647;
			files = (
			);
			inputPaths = (
			);
			name = "Copy Pods Resources";
			outputPaths = (
			);
			runOnlyForDeploymentPostprocessing = 0;
			shellPath = /bin/sh;
			shellScript = "\"${SRCROOT}/Pods/Target Support Files/Pods-ScavengerHuntTests/Pods-ScavengerHuntTests-resources.sh\"\n";
			showEnvVarsInLog = 0;
		};
/* End PBXShellScriptBuildPhase section */

/* Begin PBXSourcesBuildPhase section */
		96FE2C201CECF059000350FF /* Sources */ = {
			isa = PBXSourcesBuildPhase;
			buildActionMask = 2147483647;
			files = (
				96FE2C6D1CED0027000350FF /* CreateHuntTableViewController.swift in Sources */,
				96FE2C791CED0567000350FF /* Location.swift in Sources */,
				96FE2C4E1CECF275000350FF /* Observable.swift in Sources */,
				9614A1921CED06E600A648A4 /* LocationViewController.swift in Sources */,
				96FE2C6F1CED0059000350FF /* PlayTableViewController.swift in Sources */,
				96FE2C6B1CECFBD6000350FF /* WelcomeViewController.swift in Sources */,
				96FE2C4F1CECF275000350FF /* LocationService.swift in Sources */,
				96FE2C501CECF275000350FF /* Error.swift in Sources */,
				96FE2C731CED0501000350FF /* ListViewModel.swift in Sources */,
				96FE2C741CED0501000350FF /* LocationViewModel.swift in Sources */,
				96FE2C781CED0567000350FF /* Hunt.swift in Sources */,
				96FE2C281CECF059000350FF /* AppDelegate.swift in Sources */,
			);
			runOnlyForDeploymentPostprocessing = 0;
		};
		96FE2C341CECF059000350FF /* Sources */ = {
			isa = PBXSourcesBuildPhase;
			buildActionMask = 2147483647;
			files = (
				96FE2C3D1CECF059000350FF /* ScavengerHuntTests.swift in Sources */,
			);
			runOnlyForDeploymentPostprocessing = 0;
		};
/* End PBXSourcesBuildPhase section */

/* Begin PBXTargetDependency section */
		96FE2C3A1CECF059000350FF /* PBXTargetDependency */ = {
			isa = PBXTargetDependency;
			target = 96FE2C231CECF059000350FF /* ScavengerHunt */;
			targetProxy = 96FE2C391CECF059000350FF /* PBXContainerItemProxy */;
		};
/* End PBXTargetDependency section */

/* Begin PBXVariantGroup section */
		96FE2C2B1CECF059000350FF /* Main.storyboard */ = {
			isa = PBXVariantGroup;
			children = (
				96FE2C2C1CECF059000350FF /* Base */,
			);
			name = Main.storyboard;
			sourceTree = "<group>";
		};
		96FE2C301CECF059000350FF /* LaunchScreen.storyboard */ = {
			isa = PBXVariantGroup;
			children = (
				96FE2C311CECF059000350FF /* Base */,
			);
			name = LaunchScreen.storyboard;
			sourceTree = "<group>";
		};
/* End PBXVariantGroup section */

/* Begin XCBuildConfiguration section */
		96FE2C3F1CECF059000350FF /* Debug */ = {
			isa = XCBuildConfiguration;
			buildSettings = {
				ALWAYS_SEARCH_USER_PATHS = NO;
				CLANG_ANALYZER_NONNULL = YES;
				CLANG_CXX_LANGUAGE_STANDARD = "gnu++0x";
				CLANG_CXX_LIBRARY = "libc++";
				CLANG_ENABLE_MODULES = YES;
				CLANG_ENABLE_OBJC_ARC = YES;
				CLANG_WARN_BOOL_CONVERSION = YES;
				CLANG_WARN_CONSTANT_CONVERSION = YES;
				CLANG_WARN_DIRECT_OBJC_ISA_USAGE = YES_ERROR;
				CLANG_WARN_EMPTY_BODY = YES;
				CLANG_WARN_ENUM_CONVERSION = YES;
				CLANG_WARN_INT_CONVERSION = YES;
				CLANG_WARN_OBJC_ROOT_CLASS = YES_ERROR;
				CLANG_WARN_UNREACHABLE_CODE = YES;
				CLANG_WARN__DUPLICATE_METHOD_MATCH = YES;
				"CODE_SIGN_IDENTITY[sdk=iphoneos*]" = "iPhone Developer";
				COPY_PHASE_STRIP = NO;
				DEBUG_INFORMATION_FORMAT = dwarf;
				ENABLE_STRICT_OBJC_MSGSEND = YES;
				ENABLE_TESTABILITY = YES;
				GCC_C_LANGUAGE_STANDARD = gnu99;
				GCC_DYNAMIC_NO_PIC = NO;
				GCC_NO_COMMON_BLOCKS = YES;
				GCC_OPTIMIZATION_LEVEL = 0;
				GCC_PREPROCESSOR_DEFINITIONS = (
					"DEBUG=1",
					"$(inherited)",
				);
				GCC_WARN_64_TO_32_BIT_CONVERSION = YES;
				GCC_WARN_ABOUT_RETURN_TYPE = YES_ERROR;
				GCC_WARN_UNDECLARED_SELECTOR = YES;
				GCC_WARN_UNINITIALIZED_AUTOS = YES_AGGRESSIVE;
				GCC_WARN_UNUSED_FUNCTION = YES;
				GCC_WARN_UNUSED_VARIABLE = YES;
				IPHONEOS_DEPLOYMENT_TARGET = 9.3;
				MTL_ENABLE_DEBUG_INFO = YES;
				ONLY_ACTIVE_ARCH = YES;
				SDKROOT = iphoneos;
				SWIFT_OPTIMIZATION_LEVEL = "-Onone";
			};
			name = Debug;
		};
		96FE2C401CECF059000350FF /* Release */ = {
			isa = XCBuildConfiguration;
			buildSettings = {
				ALWAYS_SEARCH_USER_PATHS = NO;
				CLANG_ANALYZER_NONNULL = YES;
				CLANG_CXX_LANGUAGE_STANDARD = "gnu++0x";
				CLANG_CXX_LIBRARY = "libc++";
				CLANG_ENABLE_MODULES = YES;
				CLANG_ENABLE_OBJC_ARC = YES;
				CLANG_WARN_BOOL_CONVERSION = YES;
				CLANG_WARN_CONSTANT_CONVERSION = YES;
				CLANG_WARN_DIRECT_OBJC_ISA_USAGE = YES_ERROR;
				CLANG_WARN_EMPTY_BODY = YES;
				CLANG_WARN_ENUM_CONVERSION = YES;
				CLANG_WARN_INT_CONVERSION = YES;
				CLANG_WARN_OBJC_ROOT_CLASS = YES_ERROR;
				CLANG_WARN_UNREACHABLE_CODE = YES;
				CLANG_WARN__DUPLICATE_METHOD_MATCH = YES;
				"CODE_SIGN_IDENTITY[sdk=iphoneos*]" = "iPhone Developer";
				COPY_PHASE_STRIP = NO;
				DEBUG_INFORMATION_FORMAT = "dwarf-with-dsym";
				ENABLE_NS_ASSERTIONS = NO;
				ENABLE_STRICT_OBJC_MSGSEND = YES;
				GCC_C_LANGUAGE_STANDARD = gnu99;
				GCC_NO_COMMON_BLOCKS = YES;
				GCC_WARN_64_TO_32_BIT_CONVERSION = YES;
				GCC_WARN_ABOUT_RETURN_TYPE = YES_ERROR;
				GCC_WARN_UNDECLARED_SELECTOR = YES;
				GCC_WARN_UNINITIALIZED_AUTOS = YES_AGGRESSIVE;
				GCC_WARN_UNUSED_FUNCTION = YES;
				GCC_WARN_UNUSED_VARIABLE = YES;
				IPHONEOS_DEPLOYMENT_TARGET = 9.3;
				MTL_ENABLE_DEBUG_INFO = NO;
				SDKROOT = iphoneos;
				VALIDATE_PRODUCT = YES;
			};
			name = Release;
		};
		96FE2C421CECF059000350FF /* Debug */ = {
			isa = XCBuildConfiguration;
			baseConfigurationReference = 9B8D2F0032FB1799CDF3EEFB /* Pods-ScavengerHunt.debug.xcconfig */;
			buildSettings = {
				ASSETCATALOG_COMPILER_APPICON_NAME = AppIcon;
				INFOPLIST_FILE = ScavengerHunt/Info.plist;
				LD_RUNPATH_SEARCH_PATHS = "$(inherited) @executable_path/Frameworks";
				PRODUCT_BUNDLE_IDENTIFIER = com.ScavengerHunt;
				PRODUCT_NAME = "$(TARGET_NAME)";
			};
			name = Debug;
		};
		96FE2C431CECF059000350FF /* Release */ = {
			isa = XCBuildConfiguration;
			baseConfigurationReference = 95EE4DE7CFAC04F7F312D152 /* Pods-ScavengerHunt.release.xcconfig */;
			buildSettings = {
				ASSETCATALOG_COMPILER_APPICON_NAME = AppIcon;
				INFOPLIST_FILE = ScavengerHunt/Info.plist;
				LD_RUNPATH_SEARCH_PATHS = "$(inherited) @executable_path/Frameworks";
				PRODUCT_BUNDLE_IDENTIFIER = com.ScavengerHunt;
				PRODUCT_NAME = "$(TARGET_NAME)";
			};
			name = Release;
		};
		96FE2C451CECF059000350FF /* Debug */ = {
			isa = XCBuildConfiguration;
			baseConfigurationReference = C9F0394DE7782FAB3CEC509F /* Pods-ScavengerHuntTests.debug.xcconfig */;
			buildSettings = {
				BUNDLE_LOADER = "$(TEST_HOST)";
				INFOPLIST_FILE = ScavengerHuntTests/Info.plist;
				LD_RUNPATH_SEARCH_PATHS = "$(inherited) @executable_path/Frameworks @loader_path/Frameworks";
				PRODUCT_BUNDLE_IDENTIFIER = com.ScavengerHuntTests;
				PRODUCT_NAME = "$(TARGET_NAME)";
				TEST_HOST = "$(BUILT_PRODUCTS_DIR)/ScavengerHunt.app/ScavengerHunt";
			};
			name = Debug;
		};
		96FE2C461CECF059000350FF /* Release */ = {
			isa = XCBuildConfiguration;
			baseConfigurationReference = C759C9328240E7B1067E4E9F /* Pods-ScavengerHuntTests.release.xcconfig */;
			buildSettings = {
				BUNDLE_LOADER = "$(TEST_HOST)";
				INFOPLIST_FILE = ScavengerHuntTests/Info.plist;
				LD_RUNPATH_SEARCH_PATHS = "$(inherited) @executable_path/Frameworks @loader_path/Frameworks";
				PRODUCT_BUNDLE_IDENTIFIER = com.ScavengerHuntTests;
				PRODUCT_NAME = "$(TARGET_NAME)";
				TEST_HOST = "$(BUILT_PRODUCTS_DIR)/ScavengerHunt.app/ScavengerHunt";
			};
			name = Release;
		};
/* End XCBuildConfiguration section */

/* Begin XCConfigurationList section */
		96FE2C1F1CECF059000350FF /* Build configuration list for PBXProject "ScavengerHunt" */ = {
			isa = XCConfigurationList;
			buildConfigurations = (
				96FE2C3F1CECF059000350FF /* Debug */,
				96FE2C401CECF059000350FF /* Release */,
			);
			defaultConfigurationIsVisible = 0;
			defaultConfigurationName = Release;
		};
		96FE2C411CECF059000350FF /* Build configuration list for PBXNativeTarget "ScavengerHunt" */ = {
			isa = XCConfigurationList;
			buildConfigurations = (
				96FE2C421CECF059000350FF /* Debug */,
				96FE2C431CECF059000350FF /* Release */,
			);
			defaultConfigurationIsVisible = 0;
			defaultConfigurationName = Release;
		};
		96FE2C441CECF059000350FF /* Build configuration list for PBXNativeTarget "ScavengerHuntTests" */ = {
			isa = XCConfigurationList;
			buildConfigurations = (
				96FE2C451CECF059000350FF /* Debug */,
				96FE2C461CECF059000350FF /* Release */,
			);
			defaultConfigurationIsVisible = 0;
			defaultConfigurationName = Release;
		};
/* End XCConfigurationList section */
	};
	rootObject = 96FE2C1C1CECF059000350FF /* Project object */;
}
